// !$*UTF8*$!
{
	archiveVersion = 1;
	classes = {
	};
	objectVersion = 46;
	objects = {

/* Begin PBXBuildFile section */
		4CB8010417ACAE8C004AC6AC /* UIKit.framework in Frameworks */ = {isa = PBXBuildFile; fileRef = 4CB8010317ACAE8C004AC6AC /* UIKit.framework */; };
		4CB8010617ACAE8C004AC6AC /* Foundation.framework in Frameworks */ = {isa = PBXBuildFile; fileRef = 4CB8010517ACAE8C004AC6AC /* Foundation.framework */; };
		4CB8010817ACAE8C004AC6AC /* CoreGraphics.framework in Frameworks */ = {isa = PBXBuildFile; fileRef = 4CB8010717ACAE8C004AC6AC /* CoreGraphics.framework */; };
		4CB8010E17ACAE8C004AC6AC /* InfoPlist.strings in Resources */ = {isa = PBXBuildFile; fileRef = 4CB8010C17ACAE8C004AC6AC /* InfoPlist.strings */; };
		4CB8011017ACAE8C004AC6AC /* main.m in Sources */ = {isa = PBXBuildFile; fileRef = 4CB8010F17ACAE8C004AC6AC /* main.m */; };
		4CB8011417ACAE8C004AC6AC /* AppDelegate.m in Sources */ = {isa = PBXBuildFile; fileRef = 4CB8011317ACAE8C004AC6AC /* AppDelegate.m */; };
		4CB8011617ACAE8C004AC6AC /* Default.png in Resources */ = {isa = PBXBuildFile; fileRef = 4CB8011517ACAE8C004AC6AC /* Default.png */; };
		4CB8011817ACAE8C004AC6AC /* Default@2x.png in Resources */ = {isa = PBXBuildFile; fileRef = 4CB8011717ACAE8C004AC6AC /* Default@2x.png */; };
		4CB8011A17ACAE8C004AC6AC /* Default-568h@2x.png in Resources */ = {isa = PBXBuildFile; fileRef = 4CB8011917ACAE8C004AC6AC /* Default-568h@2x.png */; };
		4CB8012317ACAEC9004AC6AC /* FirstViewController.m in Sources */ = {isa = PBXBuildFile; fileRef = 4CB8012117ACAEC9004AC6AC /* FirstViewController.m */; };
		4CB8012417ACAEC9004AC6AC /* FirstViewController.xib in Resources */ = {isa = PBXBuildFile; fileRef = 4CB8012217ACAEC9004AC6AC /* FirstViewController.xib */; };
		4CB8012717ACAEE9004AC6AC /* DisplayView.m in Sources */ = {isa = PBXBuildFile; fileRef = 4CB8012617ACAEE9004AC6AC /* DisplayView.m */; };
		4CB8012917ACB009004AC6AC /* MapKit.framework in Frameworks */ = {isa = PBXBuildFile; fileRef = 4CB8012817ACB009004AC6AC /* MapKit.framework */; };
/* End PBXBuildFile section */

/* Begin PBXFileReference section */
		4CB8010017ACAE8C004AC6AC /* MapKit.app */ = {isa = PBXFileReference; explicitFileType = wrapper.application; includeInIndex = 0; path = MapKit.app; sourceTree = BUILT_PRODUCTS_DIR; };
		4CB8010317ACAE8C004AC6AC /* UIKit.framework */ = {isa = PBXFileReference; lastKnownFileType = wrapper.framework; name = UIKit.framework; path = System/Library/Frameworks/UIKit.framework; sourceTree = SDKROOT; };
		4CB8010517ACAE8C004AC6AC /* Foundation.framework */ = {isa = PBXFileReference; lastKnownFileType = wrapper.framework; name = Foundation.framework; path = System/Library/Frameworks/Foundation.framework; sourceTree = SDKROOT; };
		4CB8010717ACAE8C004AC6AC /* CoreGraphics.framework */ = {isa = PBXFileReference; lastKnownFileType = wrapper.framework; name = CoreGraphics.framework; path = System/Library/Frameworks/CoreGraphics.framework; sourceTree = SDKROOT; };
		4CB8010B17ACAE8C004AC6AC /* MapKit-Info.plist */ = {isa = PBXFileReference; lastKnownFileType = text.plist.xml; path = "MapKit-Info.plist"; sourceTree = "<group>"; };
		4CB8010D17ACAE8C004AC6AC /* en */ = {isa = PBXFileReference; lastKnownFileType = text.plist.strings; name = en; path = en.lproj/InfoPlist.strings; sourceTree = "<group>"; };
		4CB8010F17ACAE8C004AC6AC /* main.m */ = {isa = PBXFileReference; lastKnownFileType = sourcecode.c.objc; path = main.m; sourceTree = "<group>"; };
		4CB8011117ACAE8C004AC6AC /* MapKit-Prefix.pch */ = {isa = PBXFileReference; lastKnownFileType = sourcecode.c.h; path = "MapKit-Prefix.pch"; sourceTree = "<group>"; };
		4CB8011217ACAE8C004AC6AC /* AppDelegate.h */ = {isa = PBXFileReference; lastKnownFileType = sourcecode.c.h; path = AppDelegate.h; sourceTree = "<group>"; };
		4CB8011317ACAE8C004AC6AC /* AppDelegate.m */ = {isa = PBXFileReference; lastKnownFileType = sourcecode.c.objc; path = AppDelegate.m; sourceTree = "<group>"; };
		4CB8011517ACAE8C004AC6AC /* Default.png */ = {isa = PBXFileReference; lastKnownFileType = image.png; path = Default.png; sourceTree = "<group>"; };
		4CB8011717ACAE8C004AC6AC /* Default@2x.png */ = {isa = PBXFileReference; lastKnownFileType = image.png; path = "Default@2x.png"; sourceTree = "<group>"; };
		4CB8011917ACAE8C004AC6AC /* Default-568h@2x.png */ = {isa = PBXFileReference; lastKnownFileType = image.png; path = "Default-568h@2x.png"; sourceTree = "<group>"; };
		4CB8012017ACAEC9004AC6AC /* FirstViewController.h */ = {isa = PBXFileReference; fileEncoding = 4; lastKnownFileType = sourcecode.c.h; path = FirstViewController.h; sourceTree = "<group>"; };
		4CB8012117ACAEC9004AC6AC /* FirstViewController.m */ = {isa = PBXFileReference; fileEncoding = 4; lastKnownFileType = sourcecode.c.objc; path = FirstViewController.m; sourceTree = "<group>"; };
		4CB8012217ACAEC9004AC6AC /* FirstViewController.xib */ = {isa = PBXFileReference; fileEncoding = 4; lastKnownFileType = file.xib; path = FirstViewController.xib; sourceTree = "<group>"; };
		4CB8012517ACAEE9004AC6AC /* DisplayView.h */ = {isa = PBXFileReference; fileEncoding = 4; lastKnownFileType = sourcecode.c.h; path = DisplayView.h; sourceTree = "<group>"; };
		4CB8012617ACAEE9004AC6AC /* DisplayView.m */ = {isa = PBXFileReference; fileEncoding = 4; lastKnownFileType = sourcecode.c.objc; path = DisplayView.m; sourceTree = "<group>"; };
		4CB8012817ACB009004AC6AC /* MapKit.framework */ = {isa = PBXFileReference; lastKnownFileType = wrapper.framework; name = MapKit.framework; path = System/Library/Frameworks/MapKit.framework; sourceTree = SDKROOT; };
/* End PBXFileReference section */

/* Begin PBXFrameworksBuildPhase section */
		4CB800FD17ACAE8C004AC6AC /* Frameworks */ = {
			isa = PBXFrameworksBuildPhase;
			buildActionMask = 2147483647;
			files = (
				4CB8012917ACB009004AC6AC /* MapKit.framework in Frameworks */,
				4CB8010417ACAE8C004AC6AC /* UIKit.framework in Frameworks */,
				4CB8010617ACAE8C004AC6AC /* Foundation.framework in Frameworks */,
				4CB8010817ACAE8C004AC6AC /* CoreGraphics.framework in Frameworks */,
			);
			runOnlyForDeploymentPostprocessing = 0;
		};
/* End PBXFrameworksBuildPhase section */

/* Begin PBXGroup section */
		4CB800F717ACAE8C004AC6AC = {
			isa = PBXGroup;
			children = (
				4CB8010917ACAE8C004AC6AC /* MapKit */,
				4CB8010217ACAE8C004AC6AC /* Frameworks */,
				4CB8010117ACAE8C004AC6AC /* Products */,
			);
			sourceTree = "<group>";
		};
		4CB8010117ACAE8C004AC6AC /* Products */ = {
			isa = PBXGroup;
			children = (
				4CB8010017ACAE8C004AC6AC /* MapKit.app */,
			);
			name = Products;
			sourceTree = "<group>";
		};
		4CB8010217ACAE8C004AC6AC /* Frameworks */ = {
			isa = PBXGroup;
			children = (
				4CB8012817ACB009004AC6AC /* MapKit.framework */,
				4CB8010317ACAE8C004AC6AC /* UIKit.framework */,
				4CB8010517ACAE8C004AC6AC /* Foundation.framework */,
				4CB8010717ACAE8C004AC6AC /* CoreGraphics.framework */,
			);
			name = Frameworks;
			sourceTree = "<group>";
		};
		4CB8010917ACAE8C004AC6AC /* MapKit */ = {
			isa = PBXGroup;
			children = (
				4CB8011217ACAE8C004AC6AC /* AppDelegate.h */,
				4CB8011317ACAE8C004AC6AC /* AppDelegate.m */,
				4CB8010A17ACAE8C004AC6AC /* Supporting Files */,
				4CB8012017ACAEC9004AC6AC /* FirstViewController.h */,
				4CB8012117ACAEC9004AC6AC /* FirstViewController.m */,
				4CB8012217ACAEC9004AC6AC /* FirstViewController.xib */,
				4CB8012517ACAEE9004AC6AC /* DisplayView.h */,
				4CB8012617ACAEE9004AC6AC /* DisplayView.m */,
			);
			path = MapKit;
			sourceTree = "<group>";
		};
		4CB8010A17ACAE8C004AC6AC /* Supporting Files */ = {
			isa = PBXGroup;
			children = (
				4CB8010B17ACAE8C004AC6AC /* MapKit-Info.plist */,
				4CB8010C17ACAE8C004AC6AC /* InfoPlist.strings */,
				4CB8010F17ACAE8C004AC6AC /* main.m */,
				4CB8011117ACAE8C004AC6AC /* MapKit-Prefix.pch */,
				4CB8011517ACAE8C004AC6AC /* Default.png */,
				4CB8011717ACAE8C004AC6AC /* Default@2x.png */,
				4CB8011917ACAE8C004AC6AC /* Default-568h@2x.png */,
			);
			name = "Supporting Files";
			sourceTree = "<group>";
		};
/* End PBXGroup section */

/* Begin PBXNativeTarget section */
		4CB800FF17ACAE8C004AC6AC /* MapKit */ = {
			isa = PBXNativeTarget;
			buildConfigurationList = 4CB8011D17ACAE8C004AC6AC /* Build configuration list for PBXNativeTarget "MapKit" */;
			buildPhases = (
				4CB800FC17ACAE8C004AC6AC /* Sources */,
				4CB800FD17ACAE8C004AC6AC /* Frameworks */,
				4CB800FE17ACAE8C004AC6AC /* Resources */,
			);
			buildRules = (
			);
			dependencies = (
			);
			name = MapKit;
			productName = MapKit;
			productReference = 4CB8010017ACAE8C004AC6AC /* MapKit.app */;
			productType = "com.apple.product-type.application";
		};
/* End PBXNativeTarget section */

/* Begin PBXProject section */
		4CB800F817ACAE8C004AC6AC /* Project object */ = {
			isa = PBXProject;
			attributes = {
				LastUpgradeCheck = 0460;
				ORGANIZATIONNAME = fis;
			};
			buildConfigurationList = 4CB800FB17ACAE8C004AC6AC /* Build configuration list for PBXProject "MapKit" */;
			compatibilityVersion = "Xcode 3.2";
			developmentRegion = English;
			hasScannedForEncodings = 0;
			knownRegions = (
				en,
			);
			mainGroup = 4CB800F717ACAE8C004AC6AC;
			productRefGroup = 4CB8010117ACAE8C004AC6AC /* Products */;
			projectDirPath = "";
			projectRoot = "";
			targets = (
				4CB800FF17ACAE8C004AC6AC /* MapKit */,
			);
		};
/* End PBXProject section */

/* Begin PBXResourcesBuildPhase section */
		4CB800FE17ACAE8C004AC6AC /* Resources */ = {
			isa = PBXResourcesBuildPhase;
			buildActionMask = 2147483647;
			files = (
				4CB8010E17ACAE8C004AC6AC /* InfoPlist.strings in Resources */,
				4CB8011617ACAE8C004AC6AC /* Default.png in Resources */,
				4CB8011817ACAE8C004AC6AC /* Default@2x.png in Resources */,
				4CB8011A17ACAE8C004AC6AC /* Default-568h@2x.png in Resources */,
				4CB8012417ACAEC9004AC6AC /* FirstViewController.xib in Resources */,
			);
			runOnlyForDeploymentPostprocessing = 0;
		};
/* End PBXResourcesBuildPhase section */

/* Begin PBXSourcesBuildPhase section */
		4CB800FC17ACAE8C004AC6AC /* Sources */ = {
			isa = PBXSourcesBuildPhase;
			buildActionMask = 2147483647;
			files = (
				4CB8011017ACAE8C004AC6AC /* main.m in Sources */,
				4CB8011417ACAE8C004AC6AC /* AppDelegate.m in Sources */,
				4CB8012317ACAEC9004AC6AC /* FirstViewController.m in Sources */,
				4CB8012717ACAEE9004AC6AC /* DisplayView.m in Sources */,
			);
			runOnlyForDeploymentPostprocessing = 0;
		};
/* End PBXSourcesBuildPhase section */

/* Begin PBXVariantGroup section */
		4CB8010C17ACAE8C004AC6AC /* InfoPlist.strings */ = {
			isa = PBXVariantGroup;
			children = (
				4CB8010D17ACAE8C004AC6AC /* en */,
			);
			name = InfoPlist.strings;
			sourceTree = "<group>";
		};
/* End PBXVariantGroup section */

/* Begin XCBuildConfiguration section */
		4CB8011B17ACAE8C004AC6AC /* Debug */ = {
			isa = XCBuildConfiguration;
			buildSettings = {
				ALWAYS_SEARCH_USER_PATHS = NO;
				CLANG_CXX_LANGUAGE_STANDARD = "gnu++0x";
				CLANG_CXX_LIBRARY = "libc++";
				CLANG_ENABLE_OBJC_ARC = YES;
				CLANG_WARN_CONSTANT_CONVERSION = YES;
				CLANG_WARN_EMPTY_BODY = YES;
				CLANG_WARN_ENUM_CONVERSION = YES;
				CLANG_WARN_INT_CONVERSION = YES;
				CLANG_WARN__DUPLICATE_METHOD_MATCH = YES;
				"CODE_SIGN_IDENTITY[sdk=iphoneos*]" = "iPhone Developer";
				COPY_PHASE_STRIP = NO;
				GCC_C_LANGUAGE_STANDARD = gnu99;
				GCC_DYNAMIC_NO_PIC = NO;
				GCC_OPTIMIZATION_LEVEL = 0;
				GCC_PREPROCESSOR_DEFINITIONS = (
					"DEBUG=1",
					"$(inherited)",
				);
				GCC_SYMBOLS_PRIVATE_EXTERN = NO;
				GCC_WARN_ABOUT_RETURN_TYPE = YES;
				GCC_WARN_UNINITIALIZED_AUTOS = YES;
				GCC_WARN_UNUSED_VARIABLE = YES;
				IPHONEOS_DEPLOYMENT_TARGET = 6.1;
				ONLY_ACTIVE_ARCH = YES;
				SDKROOT = iphoneos;
			};
			name = Debug;
		};
		4CB8011C17ACAE8C004AC6AC /* Release */ = {
			isa = XCBuildConfiguration;
			buildSettings = {
				ALWAYS_SEARCH_USER_PATHS = NO;
				CLANG_CXX_LANGUAGE_STANDARD = "gnu++0x";
				CLANG_CXX_LIBRARY = "libc++";
				CLANG_ENABLE_OBJC_ARC = YES;
				CLANG_WARN_CONSTANT_CONVERSION = YES;
				CLANG_WARN_EMPTY_BODY = YES;
				CLANG_WARN_ENUM_CONVERSION = YES;
				CLANG_WARN_INT_CONVERSION = YES;
				CLANG_WARN__DUPLICATE_METHOD_MATCH = YES;
				"CODE_SIGN_IDENTITY[sdk=iphoneos*]" = "iPhone Developer";
				COPY_PHASE_STRIP = YES;
				GCC_C_LANGUAGE_STANDARD = gnu99;
				GCC_WARN_ABOUT_RETURN_TYPE = YES;
				GCC_WARN_UNINITIALIZED_AUTOS = YES;
				GCC_WARN_UNUSED_VARIABLE = YES;
				IPHONEOS_DEPLOYMENT_TARGET = 6.1;
				OTHER_CFLAGS = "-DNS_BLOCK_ASSERTIONS=1";
				SDKROOT = iphoneos;
				VALIDATE_PRODUCT = YES;
			};
			name = Release;
		};
		4CB8011E17ACAE8C004AC6AC /* Debug */ = {
			isa = XCBuildConfiguration;
			buildSettings = {
				GCC_PRECOMPILE_PREFIX_HEADER = YES;
				GCC_PREFIX_HEADER = "MapKit/MapKit-Prefix.pch";
				INFOPLIST_FILE = "MapKit/MapKit-Info.plist";
				PRODUCT_NAME = "$(TARGET_NAME)";
				WRAPPER_EXTENSION = app;
			};
			name = Debug;
		};
		4CB8011F17ACAE8C004AC6AC /* Release */ = {
			isa = XCBuildConfiguration;
			buildSettings = {
				GCC_PRECOMPILE_PREFIX_HEADER = YES;
				GCC_PREFIX_HEADER = "MapKit/MapKit-Prefix.pch";
				INFOPLIST_FILE = "MapKit/MapKit-Info.plist";
				PRODUCT_NAME = "$(TARGET_NAME)";
				WRAPPER_EXTENSION = app;
			};
			name = Release;
		};
/* End XCBuildConfiguration section */

/* Begin XCConfigurationList section */
		4CB800FB17ACAE8C004AC6AC /* Build configuration list for PBXProject "MapKit" */ = {
			isa = XCConfigurationList;
			buildConfigurations = (
				4CB8011B17ACAE8C004AC6AC /* Debug */,
				4CB8011C17ACAE8C004AC6AC /* Release */,
			);
			defaultConfigurationIsVisible = 0;
			defaultConfigurationName = Release;
		};
		4CB8011D17ACAE8C004AC6AC /* Build configuration list for PBXNativeTarget "MapKit" */ = {
			isa = XCConfigurationList;
			buildConfigurations = (
				4CB8011E17ACAE8C004AC6AC /* Debug */,
				4CB8011F17ACAE8C004AC6AC /* Release */,
			);
			defaultConfigurationIsVisible = 0;
		};
/* End XCConfigurationList section */
	};
	rootObject = 4CB800F817ACAE8C004AC6AC /* Project object */;
}
